
Microsoft Visual Studio Solution File, Format Version 12.00
# Visual Studio Version 16
VisualStudioVersion = 16.0.30907.101
MinimumVisualStudioVersion = 10.0.40219.1
Project("{9A19103F-16F7-4668-BE54-9A1E7A4F7556}") = "Assignment5", "Assignment5.csproj", "{D8BECEE7-2752-413E-8A3E-DFC1A8CBE2D3}"
EndProject
Global
	GlobalSection(SolutionConfigurationPlatforms) = preSolution
		Debug|Any CPU = Debug|Any CPU
		Release|Any CPU = Release|Any CPU
	EndGlobalSection
	GlobalSection(ProjectConfigurationPlatforms) = postSolution
		{D8BECEE7-2752-413E-8A3E-DFC1A8CBE2D3}.Debug|Any CPU.ActiveCfg = Debug|Any CPU
		{D8BECEE7-2752-413E-8A3E-DFC1A8CBE2D3}.Debug|Any CPU.Build.0 = Debug|Any CPU
		{D8BECEE7-2752-413E-8A3E-DFC1A8CBE2D3}.Release|Any CPU.ActiveCfg = Release|Any CPU
		{D8BECEE7-2752-413E-8A3E-DFC1A8CBE2D3}.Release|Any CPU.Build.0 = Release|Any CPU
	EndGlobalSection
	GlobalSection(SolutionProperties) = preSolution
		HideSolutionNode = FALSE
	EndGlobalSection
	GlobalSection(ExtensibilityGlobals) = postSolution
		SolutionGuid = {AAF72D7F-DD1A-4258-A2CC-AD840FF4F527}
	EndGlobalSection
EndGlobal
